
Microsoft Visual Studio Solution File, Format Version 11.00
# Visual Studio 2010
Project("{FAE04EC0-301F-11D3-BF4B-00C04F79EFBC}") = "Download Manager", "Download Manager\Download Manager.csproj", "{CC4DC6C7-2023-45FC-8C68-E92C08F59CF9}"
EndProject
Global
	GlobalSection(SolutionConfigurationPlatforms) = preSolution
		Debug|x86 = Debug|x86
		Release|x86 = Release|x86
	EndGlobalSection
	GlobalSection(ProjectConfigurationPlatforms) = postSolution
		{CC4DC6C7-2023-45FC-8C68-E92C08F59CF9}.Debug|x86.ActiveCfg = Debug|x86
		{CC4DC6C7-2023-45FC-8C68-E92C08F59CF9}.Debug|x86.Build.0 = Debug|x86
		{CC4DC6C7-2023-45FC-8C68-E92C08F59CF9}.Release|x86.ActiveCfg = Release|x86
		{CC4DC6C7-2023-45FC-8C68-E92C08F59CF9}.Release|x86.Build.0 = Release|x86
	EndGlobalSection
	GlobalSection(SolutionProperties) = preSolution
		HideSolutionNode = FALSE
	EndGlobalSection
EndGlobal
